schema: '2.0'
stages:
  load_data:
    cmd: python src\load_data.py --config=params.yaml
    deps:
    - path: data_given\winequality.csv
      md5: ccc8d3507eb151f53f760d36abdef888
      size: 91998
    - path: src\get_data.py
      md5: 4c4afec2dae8727ffa2ce7ca78691fb6
      size: 749
    - path: src\load_data.py
      md5: fe43e5d977c3c14442f34d0286381ba9
      size: 661
    outs:
    - path: data\raw\winequality.csv
      md5: d98e8f2eca228c11c4de1cc96866a54d
      size: 93598
